{
  "pins" : [
    {
      "identity" : "bugsnag-cocoa",
      "kind" : "remoteSourceControl",
      "location" : "https://github.com/bugsnag/bugsnag-cocoa",
      "state" : {
        "revision" : "3ec379e9591837cbcb07a64af5c02162dd950580",
        "version" : "6.27.3"
      }
    },
    {
      "identity" : "kingfisher",
      "kind" : "remoteSourceControl",
      "location" : "https://github.com/onevcat/Kingfisher.git",
      "state" : {
        "revision" : "277f1ab2c6664b19b4a412e32b094b201e2d5757",
        "version" : "7.10.0"
      }
    },
    {
      "identity" : "mixpanel-swift",
      "kind" : "remoteSourceControl",
      "location" : "https://github.com/mixpanel/mixpanel-swift",
      "state" : {
        "branch" : "master",
        "revision" : "c6336881a077d283db6f6d6e2f242977250230bd"
      }
    },
    {
      "identity" : "promisekit",
      "kind" : "remoteSourceControl",
      "location" : "https://github.com/mxcl/PromiseKit",
      "state" : {
        "revision" : "8a98e31a47854d3180882c8068cc4d9381bf382d",
        "version" : "6.22.1"
      }
    }
  ],
  "version" : 2
}
